<?xml version="1.0" encoding="utf-8"?>
<Project ToolsVersion="4.0" xmlns="http://schemas.microsoft.com/developer/msbuild/2003">
  <ItemGroup>
    <Filter Include="소스 파일">
      <UniqueIdentifier>{4FC737F1-C7A5-4376-A066-2A32D752A2FF}</UniqueIdentifier>
      <Extensions>cpp;c;cc;cxx;c++;cppm;ixx;def;odl;idl;hpj;bat;asm;asmx</Extensions>
    </Filter>
    <Filter Include="헤더 파일">
      <UniqueIdentifier>{93995380-89BD-4b04-88EB-625FBE52EBFB}</UniqueIdentifier>
      <Extensions>h;hh;hpp;hxx;h++;hm;inl;inc;ipp;xsd</Extensions>
    </Filter>
    <Filter Include="리소스 파일">
      <UniqueIdentifier>{67DA6AB6-F800-4c08-8B7A-83BB121AAD01}</UniqueIdentifier>
      <Extensions>rc;ico;cur;bmp;dlg;rc2;rct;bin;rgs;gif;jpg;jpeg;jpe;resx;tiff;tif;png;wav;mfcribbon-ms</Extensions>
    </Filter>
    <Filter Include="소스 파일\1일차">
      <UniqueIdentifier>{20089825-0c5a-4cbc-8020-805cdca77729}</UniqueIdentifier>
    </Filter>
    <Filter Include="소스 파일\2일차">
      <UniqueIdentifier>{f0542138-a0a2-4eca-a664-f23f5b4ab694}</UniqueIdentifier>
    </Filter>
    <Filter Include="소스 파일\3일차">
      <UniqueIdentifier>{88881235-5e2b-4161-b817-e1b363368824}</UniqueIdentifier>
    </Filter>
    <Filter Include="소스 파일\4일차">
      <UniqueIdentifier>{fa90bc24-580a-414b-89ce-6ddfe102fcc8}</UniqueIdentifier>
    </Filter>
    <Filter Include="소스 파일\5일차">
      <UniqueIdentifier>{b04d0ecc-75cc-487f-b6ca-de3bd544da79}</UniqueIdentifier>
    </Filter>
    <Filter Include="소스 파일\6일차">
      <UniqueIdentifier>{3263d370-adde-4282-add9-90528af55d7d}</UniqueIdentifier>
    </Filter>
    <Filter Include="소스 파일\7일차">
      <UniqueIdentifier>{c25923c7-f947-42e8-9431-1b270e84e5cc}</UniqueIdentifier>
    </Filter>
    <Filter Include="소스 파일\8일차">
      <UniqueIdentifier>{cafd414c-f4fa-4b6d-87b0-97dc6e260f90}</UniqueIdentifier>
    </Filter>
    <Filter Include="소스 파일\9일차">
      <UniqueIdentifier>{364b038c-381b-47da-a326-d67350fa9c39}</UniqueIdentifier>
    </Filter>
    <Filter Include="소스 파일\10일차">
      <UniqueIdentifier>{80b65fe0-4250-465d-97d0-7a62ad7f9167}</UniqueIdentifier>
    </Filter>
  </ItemGroup>
  <ItemGroup>
    <ClCompile Include="수박수박수박%282단계%29.cpp">
      <Filter>소스 파일\1일차</Filter>
    </ClCompile>
    <ClCompile Include="카드뭉치(3단계).cpp">
      <Filter>소스 파일\1일차</Filter>
    </ClCompile>
    <ClCompile Include="대충만든자판(4단계).cpp">
      <Filter>소스 파일\1일차</Filter>
    </ClCompile>
    <ClCompile Include="콜라문제(3단계).cpp">
      <Filter>소스 파일\2일차</Filter>
    </ClCompile>
    <ClCompile Include="기사단원의무기(3단계).cpp">
      <Filter>소스 파일\2일차</Filter>
    </ClCompile>
    <ClCompile Include="체육복(4단계).cpp">
      <Filter>소스 파일\2일차</Filter>
    </ClCompile>
    <ClCompile Include="명예의전당(3단계).cpp">
      <Filter>소스 파일\3일차</Filter>
    </ClCompile>
    <ClCompile Include="햄버거(3단계).cpp">
      <Filter>소스 파일\3일차</Filter>
    </ClCompile>
    <ClCompile Include="바탕화면(4단계).cpp">
      <Filter>소스 파일\3일차</Filter>
    </ClCompile>
    <ClCompile Include="피로도(5단계).cpp">
      <Filter>소스 파일\4일차</Filter>
    </ClCompile>
    <ClCompile Include="2016년%283단계%29.cpp">
      <Filter>소스 파일\4일차</Filter>
    </ClCompile>
    <ClCompile Include="예상대진표(4단계).cpp">
      <Filter>소스 파일\4일차</Filter>
    </ClCompile>
    <ClCompile Include="삼각달팽이%285단계%29.cpp">
      <Filter>소스 파일\5일차</Filter>
    </ClCompile>
    <ClCompile Include="광물캐기(6단계).cpp">
      <Filter>소스 파일\5일차</Filter>
    </ClCompile>
    <ClCompile Include="의상문제(5단계).cpp">
      <Filter>소스 파일\5일차</Filter>
    </ClCompile>
    <ClCompile Include="2개이하로다른비트%285단계%29.cpp">
      <Filter>소스 파일\6일차</Filter>
    </ClCompile>
    <ClCompile Include="무인도여행(5단계).cpp">
      <Filter>소스 파일\6일차</Filter>
    </ClCompile>
    <ClCompile Include="점찍기(5단계).cpp">
      <Filter>소스 파일\6일차</Filter>
    </ClCompile>
    <ClCompile Include="행렬테두리회전하기(5단계).cpp">
      <Filter>소스 파일\7일차</Filter>
    </ClCompile>
    <ClCompile Include="다리를지나는트럭(5단계).cpp">
      <Filter>소스 파일\7일차</Filter>
    </ClCompile>
    <ClCompile Include="이모티콘할인행사(6단계).cpp">
      <Filter>소스 파일\7일차</Filter>
    </ClCompile>
    <ClCompile Include="리코챗로봇(6단계).cpp">
      <Filter>소스 파일\8일차</Filter>
    </ClCompile>
    <ClCompile Include="시소짝꿍%286단계%29.cpp">
      <Filter>소스 파일\8일차</Filter>
    </ClCompile>
    <ClCompile Include="디펜스게임(6단계).cpp">
      <Filter>소스 파일\8일차</Filter>
    </ClCompile>
    <ClCompile Include="모음사전(5단계).cpp">
      <Filter>소스 파일\9일차</Filter>
    </ClCompile>
    <ClCompile Include="숫자변환하기(5단계).cpp">
      <Filter>소스 파일\9일차</Filter>
    </ClCompile>
    <ClCompile Include="당구연습(6단계).cpp">
      <Filter>소스 파일\9일차</Filter>
    </ClCompile>
    <ClCompile Include="여행경로(7단계).cpp">
      <Filter>소스 파일\10일차</Filter>
    </ClCompile>
    <ClCompile Include="네트워크(7단계).cpp">
      <Filter>소스 파일\10일차</Filter>
    </ClCompile>
    <ClCompile Include="조이스틱(6단계).cpp">
      <Filter>소스 파일\10일차</Filter>
    </ClCompile>
  </ItemGroup>
</Project>