<?xml version="1.0" encoding="utf-8"?>
<Project ToolsVersion="4.0" xmlns="http://schemas.microsoft.com/developer/msbuild/2003">
  <ItemGroup>
    <Filter Include="소스 파일">
      <UniqueIdentifier>{4FC737F1-C7A5-4376-A066-2A32D752A2FF}</UniqueIdentifier>
      <Extensions>cpp;c;cc;cxx;c++;cppm;ixx;def;odl;idl;hpj;bat;asm;asmx</Extensions>
    </Filter>
    <Filter Include="헤더 파일">
      <UniqueIdentifier>{93995380-89BD-4b04-88EB-625FBE52EBFB}</UniqueIdentifier>
      <Extensions>h;hh;hpp;hxx;h++;hm;inl;inc;ipp;xsd</Extensions>
    </Filter>
    <Filter Include="리소스 파일">
      <UniqueIdentifier>{67DA6AB6-F800-4c08-8B7A-83BB121AAD01}</UniqueIdentifier>
      <Extensions>rc;ico;cur;bmp;dlg;rc2;rct;bin;rgs;gif;jpg;jpeg;jpe;resx;tiff;tif;png;wav;mfcribbon-ms</Extensions>
    </Filter>
    <Filter Include="소스 파일\1일차">
      <UniqueIdentifier>{20089825-0c5a-4cbc-8020-805cdca77729}</UniqueIdentifier>
    </Filter>
    <Filter Include="소스 파일\2일차">
      <UniqueIdentifier>{f0542138-a0a2-4eca-a664-f23f5b4ab694}</UniqueIdentifier>
    </Filter>
    <Filter Include="소스 파일\3일차">
      <UniqueIdentifier>{88881235-5e2b-4161-b817-e1b363368824}</UniqueIdentifier>
    </Filter>
  </ItemGroup>
  <ItemGroup>
    <ClCompile Include="수박수박수박%282단계%29.cpp">
      <Filter>소스 파일\1일차</Filter>
    </ClCompile>
    <ClCompile Include="카드뭉치(3단계).cpp">
      <Filter>소스 파일\1일차</Filter>
    </ClCompile>
    <ClCompile Include="대충만든자판(4단계).cpp">
      <Filter>소스 파일\1일차</Filter>
    </ClCompile>
    <ClCompile Include="콜라문제(3단계).cpp">
      <Filter>소스 파일\2일차</Filter>
    </ClCompile>
    <ClCompile Include="기사단원의무기(3단계).cpp">
      <Filter>소스 파일\2일차</Filter>
    </ClCompile>
    <ClCompile Include="체육복(4단계).cpp">
      <Filter>소스 파일\2일차</Filter>
    </ClCompile>
    <ClCompile Include="명예의전당(3단계).cpp">
      <Filter>소스 파일\3일차</Filter>
    </ClCompile>
    <ClCompile Include="햄버거(3단계).cpp">
      <Filter>소스 파일\3일차</Filter>
    </ClCompile>
    <ClCompile Include="바탕화면(4단계).cpp">
      <Filter>소스 파일\3일차</Filter>
    </ClCompile>
  </ItemGroup>
</Project>